// !$*UTF8*$!
{
	archiveVersion = 1;
	classes = {
	};
	objectVersion = 46;
	objects = {

/* Begin PBXBuildFile section */
		3A8C3D5D1D13987A00DBCE0B /* main.m in Sources */ = {isa = PBXBuildFile; fileRef = 3A8C3D5C1D13987A00DBCE0B /* main.m */; };
		3A8C3D601D13987A00DBCE0B /* AppDelegate.m in Sources */ = {isa = PBXBuildFile; fileRef = 3A8C3D5F1D13987A00DBCE0B /* AppDelegate.m */; };
		3A8C3D631D13987A00DBCE0B /* ViewController.m in Sources */ = {isa = PBXBuildFile; fileRef = 3A8C3D621D13987A00DBCE0B /* ViewController.m */; };
		3A8C3D661D13987A00DBCE0B /* Main.storyboard in Resources */ = {isa = PBXBuildFile; fileRef = 3A8C3D641D13987A00DBCE0B /* Main.storyboard */; };
		3A8C3D681D13987A00DBCE0B /* Assets.xcassets in Resources */ = {isa = PBXBuildFile; fileRef = 3A8C3D671D13987A00DBCE0B /* Assets.xcassets */; };
		3A8C3D6B1D13987A00DBCE0B /* LaunchScreen.storyboard in Resources */ = {isa = PBXBuildFile; fileRef = 3A8C3D691D13987A00DBCE0B /* LaunchScreen.storyboard */; };
		3A8C3D761D13987A00DBCE0B /* BunksTests.m in Sources */ = {isa = PBXBuildFile; fileRef = 3A8C3D751D13987A00DBCE0B /* BunksTests.m */; };
		3A8C3D811D13987A00DBCE0B /* BunksUITests.m in Sources */ = {isa = PBXBuildFile; fileRef = 3A8C3D801D13987A00DBCE0B /* BunksUITests.m */; };
/* End PBXBuildFile section */

/* Begin PBXContainerItemProxy section */
		3A8C3D721D13987A00DBCE0B /* PBXContainerItemProxy */ = {
			isa = PBXContainerItemProxy;
			containerPortal = 3A8C3D501D13987900DBCE0B /* Project object */;
			proxyType = 1;
			remoteGlobalIDString = 3A8C3D571D13987900DBCE0B;
			remoteInfo = Bunks;
		};
		3A8C3D7D1D13987A00DBCE0B /* PBXContainerItemProxy */ = {
			isa = PBXContainerItemProxy;
			containerPortal = 3A8C3D501D13987900DBCE0B /* Project object */;
			proxyType = 1;
			remoteGlobalIDString = 3A8C3D571D13987900DBCE0B;
			remoteInfo = Bunks;
		};
/* End PBXContainerItemProxy section */

/* Begin PBXFileReference section */
		3A8C3D581D13987900DBCE0B /* Bunks.app */ = {isa = PBXFileReference; explicitFileType = wrapper.application; includeInIndex = 0; path = Bunks.app; sourceTree = BUILT_PRODUCTS_DIR; };
		3A8C3D5C1D13987A00DBCE0B /* main.m */ = {isa = PBXFileReference; lastKnownFileType = sourcecode.c.objc; path = main.m; sourceTree = "<group>"; };
		3A8C3D5E1D13987A00DBCE0B /* AppDelegate.h */ = {isa = PBXFileReference; lastKnownFileType = sourcecode.c.h; path = AppDelegate.h; sourceTree = "<group>"; };
		3A8C3D5F1D13987A00DBCE0B /* AppDelegate.m */ = {isa = PBXFileReference; lastKnownFileType = sourcecode.c.objc; path = AppDelegate.m; sourceTree = "<group>"; };
		3A8C3D611D13987A00DBCE0B /* ViewController.h */ = {isa = PBXFileReference; lastKnownFileType = sourcecode.c.h; path = ViewController.h; sourceTree = "<group>"; };
		3A8C3D621D13987A00DBCE0B /* ViewController.m */ = {isa = PBXFileReference; lastKnownFileType = sourcecode.c.objc; path = ViewController.m; sourceTree = "<group>"; };
		3A8C3D651D13987A00DBCE0B /* Base */ = {isa = PBXFileReference; lastKnownFileType = file.storyboard; name = Base; path = Base.lproj/Main.storyboard; sourceTree = "<group>"; };
		3A8C3D671D13987A00DBCE0B /* Assets.xcassets */ = {isa = PBXFileReference; lastKnownFileType = folder.assetcatalog; path = Assets.xcassets; sourceTree = "<group>"; };
		3A8C3D6A1D13987A00DBCE0B /* Base */ = {isa = PBXFileReference; lastKnownFileType = file.storyboard; name = Base; path = Base.lproj/LaunchScreen.storyboard; sourceTree = "<group>"; };
		3A8C3D6C1D13987A00DBCE0B /* Info.plist */ = {isa = PBXFileReference; lastKnownFileType = text.plist.xml; path = Info.plist; sourceTree = "<group>"; };
		3A8C3D711D13987A00DBCE0B /* BunksTests.xctest */ = {isa = PBXFileReference; explicitFileType = wrapper.cfbundle; includeInIndex = 0; path = BunksTests.xctest; sourceTree = BUILT_PRODUCTS_DIR; };
		3A8C3D751D13987A00DBCE0B /* BunksTests.m */ = {isa = PBXFileReference; lastKnownFileType = sourcecode.c.objc; path = BunksTests.m; sourceTree = "<group>"; };
		3A8C3D771D13987A00DBCE0B /* Info.plist */ = {isa = PBXFileReference; lastKnownFileType = text.plist.xml; path = Info.plist; sourceTree = "<group>"; };
		3A8C3D7C1D13987A00DBCE0B /* BunksUITests.xctest */ = {isa = PBXFileReference; explicitFileType = wrapper.cfbundle; includeInIndex = 0; path = BunksUITests.xctest; sourceTree = BUILT_PRODUCTS_DIR; };
		3A8C3D801D13987A00DBCE0B /* BunksUITests.m */ = {isa = PBXFileReference; lastKnownFileType = sourcecode.c.objc; path = BunksUITests.m; sourceTree = "<group>"; };
		3A8C3D821D13987A00DBCE0B /* Info.plist */ = {isa = PBXFileReference; lastKnownFileType = text.plist.xml; path = Info.plist; sourceTree = "<group>"; };
/* End PBXFileReference section */

/* Begin PBXFrameworksBuildPhase section */
		3A8C3D551D13987900DBCE0B /* Frameworks */ = {
			isa = PBXFrameworksBuildPhase;
			buildActionMask = 2147483647;
			files = (
			);
			runOnlyForDeploymentPostprocessing = 0;
		};
		3A8C3D6E1D13987A00DBCE0B /* Frameworks */ = {
			isa = PBXFrameworksBuildPhase;
			buildActionMask = 2147483647;
			files = (
			);
			runOnlyForDeploymentPostprocessing = 0;
		};
		3A8C3D791D13987A00DBCE0B /* Frameworks */ = {
			isa = PBXFrameworksBuildPhase;
			buildActionMask = 2147483647;
			files = (
			);
			runOnlyForDeploymentPostprocessing = 0;
		};
/* End PBXFrameworksBuildPhase section */

/* Begin PBXGroup section */
		3A8C3D4F1D13987900DBCE0B = {
			isa = PBXGroup;
			children = (
				3A8C3D5A1D13987A00DBCE0B /* Bunks */,
				3A8C3D741D13987A00DBCE0B /* BunksTests */,
				3A8C3D7F1D13987A00DBCE0B /* BunksUITests */,
				3A8C3D591D13987900DBCE0B /* Products */,
			);
			sourceTree = "<group>";
		};
		3A8C3D591D13987900DBCE0B /* Products */ = {
			isa = PBXGroup;
			children = (
				3A8C3D581D13987900DBCE0B /* Bunks.app */,
				3A8C3D711D13987A00DBCE0B /* BunksTests.xctest */,
				3A8C3D7C1D13987A00DBCE0B /* BunksUITests.xctest */,
			);
			name = Products;
			sourceTree = "<group>";
		};
		3A8C3D5A1D13987A00DBCE0B /* Bunks */ = {
			isa = PBXGroup;
			children = (
				3A8C3D5E1D13987A00DBCE0B /* AppDelegate.h */,
				3A8C3D5F1D13987A00DBCE0B /* AppDelegate.m */,
				3A8C3D611D13987A00DBCE0B /* ViewController.h */,
				3A8C3D621D13987A00DBCE0B /* ViewController.m */,
				3A8C3D641D13987A00DBCE0B /* Main.storyboard */,
				3A8C3D671D13987A00DBCE0B /* Assets.xcassets */,
				3A8C3D691D13987A00DBCE0B /* LaunchScreen.storyboard */,
				3A8C3D6C1D13987A00DBCE0B /* Info.plist */,
				3A8C3D5B1D13987A00DBCE0B /* Supporting Files */,
			);
			path = Bunks;
			sourceTree = "<group>";
		};
		3A8C3D5B1D13987A00DBCE0B /* Supporting Files */ = {
			isa = PBXGroup;
			children = (
				3A8C3D5C1D13987A00DBCE0B /* main.m */,
			);
			name = "Supporting Files";
			sourceTree = "<group>";
		};
		3A8C3D741D13987A00DBCE0B /* BunksTests */ = {
			isa = PBXGroup;
			children = (
				3A8C3D751D13987A00DBCE0B /* BunksTests.m */,
				3A8C3D771D13987A00DBCE0B /* Info.plist */,
			);
			path = BunksTests;
			sourceTree = "<group>";
		};
		3A8C3D7F1D13987A00DBCE0B /* BunksUITests */ = {
			isa = PBXGroup;
			children = (
				3A8C3D801D13987A00DBCE0B /* BunksUITests.m */,
				3A8C3D821D13987A00DBCE0B /* Info.plist */,
			);
			path = BunksUITests;
			sourceTree = "<group>";
		};
/* End PBXGroup section */

/* Begin PBXNativeTarget section */
		3A8C3D571D13987900DBCE0B /* Bunks */ = {
			isa = PBXNativeTarget;
			buildConfigurationList = 3A8C3D851D13987A00DBCE0B /* Build configuration list for PBXNativeTarget "Bunks" */;
			buildPhases = (
				3A8C3D541D13987900DBCE0B /* Sources */,
				3A8C3D551D13987900DBCE0B /* Frameworks */,
				3A8C3D561D13987900DBCE0B /* Resources */,
			);
			buildRules = (
			);
			dependencies = (
			);
			name = Bunks;
			productName = Bunks;
			productReference = 3A8C3D581D13987900DBCE0B /* Bunks.app */;
			productType = "com.apple.product-type.application";
		};
		3A8C3D701D13987A00DBCE0B /* BunksTests */ = {
			isa = PBXNativeTarget;
			buildConfigurationList = 3A8C3D881D13987A00DBCE0B /* Build configuration list for PBXNativeTarget "BunksTests" */;
			buildPhases = (
				3A8C3D6D1D13987A00DBCE0B /* Sources */,
				3A8C3D6E1D13987A00DBCE0B /* Frameworks */,
				3A8C3D6F1D13987A00DBCE0B /* Resources */,
			);
			buildRules = (
			);
			dependencies = (
				3A8C3D731D13987A00DBCE0B /* PBXTargetDependency */,
			);
			name = BunksTests;
			productName = BunksTests;
			productReference = 3A8C3D711D13987A00DBCE0B /* BunksTests.xctest */;
			productType = "com.apple.product-type.bundle.unit-test";
		};
		3A8C3D7B1D13987A00DBCE0B /* BunksUITests */ = {
			isa = PBXNativeTarget;
			buildConfigurationList = 3A8C3D8B1D13987A00DBCE0B /* Build configuration list for PBXNativeTarget "BunksUITests" */;
			buildPhases = (
				3A8C3D781D13987A00DBCE0B /* Sources */,
				3A8C3D791D13987A00DBCE0B /* Frameworks */,
				3A8C3D7A1D13987A00DBCE0B /* Resources */,
			);
			buildRules = (
			);
			dependencies = (
				3A8C3D7E1D13987A00DBCE0B /* PBXTargetDependency */,
			);
			name = BunksUITests;
			productName = BunksUITests;
			productReference = 3A8C3D7C1D13987A00DBCE0B /* BunksUITests.xctest */;
			productType = "com.apple.product-type.bundle.ui-testing";
		};
/* End PBXNativeTarget section */

/* Begin PBXProject section */
		3A8C3D501D13987900DBCE0B /* Project object */ = {
			isa = PBXProject;
			attributes = {
				LastUpgradeCheck = 0730;
				ORGANIZATIONNAME = "Hua Wan";
				TargetAttributes = {
					3A8C3D571D13987900DBCE0B = {
						CreatedOnToolsVersion = 7.3;
					};
					3A8C3D701D13987A00DBCE0B = {
						CreatedOnToolsVersion = 7.3;
						TestTargetID = 3A8C3D571D13987900DBCE0B;
					};
					3A8C3D7B1D13987A00DBCE0B = {
						CreatedOnToolsVersion = 7.3;
						TestTargetID = 3A8C3D571D13987900DBCE0B;
					};
				};
			};
			buildConfigurationList = 3A8C3D531D13987900DBCE0B /* Build configuration list for PBXProject "Bunks" */;
			compatibilityVersion = "Xcode 3.2";
			developmentRegion = English;
			hasScannedForEncodings = 0;
			knownRegions = (
				en,
				Base,
			);
			mainGroup = 3A8C3D4F1D13987900DBCE0B;
			productRefGroup = 3A8C3D591D13987900DBCE0B /* Products */;
			projectDirPath = "";
			projectRoot = "";
			targets = (
				3A8C3D571D13987900DBCE0B /* Bunks */,
				3A8C3D701D13987A00DBCE0B /* BunksTests */,
				3A8C3D7B1D13987A00DBCE0B /* BunksUITests */,
			);
		};
/* End PBXProject section */

/* Begin PBXResourcesBuildPhase section */
		3A8C3D561D13987900DBCE0B /* Resources */ = {
			isa = PBXResourcesBuildPhase;
			buildActionMask = 2147483647;
			files = (
				3A8C3D6B1D13987A00DBCE0B /* LaunchScreen.storyboard in Resources */,
				3A8C3D681D13987A00DBCE0B /* Assets.xcassets in Resources */,
				3A8C3D661D13987A00DBCE0B /* Main.storyboard in Resources */,
			);
			runOnlyForDeploymentPostprocessing = 0;
		};
		3A8C3D6F1D13987A00DBCE0B /* Resources */ = {
			isa = PBXResourcesBuildPhase;
			buildActionMask = 2147483647;
			files = (
			);
			runOnlyForDeploymentPostprocessing = 0;
		};
		3A8C3D7A1D13987A00DBCE0B /* Resources */ = {
			isa = PBXResourcesBuildPhase;
			buildActionMask = 2147483647;
			files = (
			);
			runOnlyForDeploymentPostprocessing = 0;
		};
/* End PBXResourcesBuildPhase section */

/* Begin PBXSourcesBuildPhase section */
		3A8C3D541D13987900DBCE0B /* Sources */ = {
			isa = PBXSourcesBuildPhase;
			buildActionMask = 2147483647;
			files = (
				3A8C3D631D13987A00DBCE0B /* ViewController.m in Sources */,
				3A8C3D601D13987A00DBCE0B /* AppDelegate.m in Sources */,
				3A8C3D5D1D13987A00DBCE0B /* main.m in Sources */,
			);
			runOnlyForDeploymentPostprocessing = 0;
		};
		3A8C3D6D1D13987A00DBCE0B /* Sources */ = {
			isa = PBXSourcesBuildPhase;
			buildActionMask = 2147483647;
			files = (
				3A8C3D761D13987A00DBCE0B /* BunksTests.m in Sources */,
			);
			runOnlyForDeploymentPostprocessing = 0;
		};
		3A8C3D781D13987A00DBCE0B /* Sources */ = {
			isa = PBXSourcesBuildPhase;
			buildActionMask = 2147483647;
			files = (
				3A8C3D811D13987A00DBCE0B /* BunksUITests.m in Sources */,
			);
			runOnlyForDeploymentPostprocessing = 0;
		};
/* End PBXSourcesBuildPhase section */

/* Begin PBXTargetDependency section */
		3A8C3D731D13987A00DBCE0B /* PBXTargetDependency */ = {
			isa = PBXTargetDependency;
			target = 3A8C3D571D13987900DBCE0B /* Bunks */;
			targetProxy = 3A8C3D721D13987A00DBCE0B /* PBXContainerItemProxy */;
		};
		3A8C3D7E1D13987A00DBCE0B /* PBXTargetDependency */ = {
			isa = PBXTargetDependency;
			target = 3A8C3D571D13987900DBCE0B /* Bunks */;
			targetProxy = 3A8C3D7D1D13987A00DBCE0B /* PBXContainerItemProxy */;
		};
/* End PBXTargetDependency section */

/* Begin PBXVariantGroup section */
		3A8C3D641D13987A00DBCE0B /* Main.storyboard */ = {
			isa = PBXVariantGroup;
			children = (
				3A8C3D651D13987A00DBCE0B /* Base */,
			);
			name = Main.storyboard;
			sourceTree = "<group>";
		};
		3A8C3D691D13987A00DBCE0B /* LaunchScreen.storyboard */ = {
			isa = PBXVariantGroup;
			children = (
				3A8C3D6A1D13987A00DBCE0B /* Base */,
			);
			name = LaunchScreen.storyboard;
			sourceTree = "<group>";
		};
/* End PBXVariantGroup section */

/* Begin XCBuildConfiguration section */
		3A8C3D831D13987A00DBCE0B /* Debug */ = {
			isa = XCBuildConfiguration;
			buildSettings = {
				ALWAYS_SEARCH_USER_PATHS = NO;
				CLANG_ANALYZER_NONNULL = YES;
				CLANG_CXX_LANGUAGE_STANDARD = "gnu++0x";
				CLANG_CXX_LIBRARY = "libc++";
				CLANG_ENABLE_MODULES = YES;
				CLANG_ENABLE_OBJC_ARC = YES;
				CLANG_WARN_BOOL_CONVERSION = YES;
				CLANG_WARN_CONSTANT_CONVERSION = YES;
				CLANG_WARN_DIRECT_OBJC_ISA_USAGE = YES_ERROR;
				CLANG_WARN_EMPTY_BODY = YES;
				CLANG_WARN_ENUM_CONVERSION = YES;
				CLANG_WARN_INT_CONVERSION = YES;
				CLANG_WARN_OBJC_ROOT_CLASS = YES_ERROR;
				CLANG_WARN_UNREACHABLE_CODE = YES;
				CLANG_WARN__DUPLICATE_METHOD_MATCH = YES;
				"CODE_SIGN_IDENTITY[sdk=iphoneos*]" = "iPhone Developer";
				COPY_PHASE_STRIP = NO;
				DEBUG_INFORMATION_FORMAT = dwarf;
				ENABLE_STRICT_OBJC_MSGSEND = YES;
				ENABLE_TESTABILITY = YES;
				GCC_C_LANGUAGE_STANDARD = gnu99;
				GCC_DYNAMIC_NO_PIC = NO;
				GCC_NO_COMMON_BLOCKS = YES;
				GCC_OPTIMIZATION_LEVEL = 0;
				GCC_PREPROCESSOR_DEFINITIONS = (
					"DEBUG=1",
					"$(inherited)",
				);
				GCC_WARN_64_TO_32_BIT_CONVERSION = YES;
				GCC_WARN_ABOUT_RETURN_TYPE = YES_ERROR;
				GCC_WARN_UNDECLARED_SELECTOR = YES;
				GCC_WARN_UNINITIALIZED_AUTOS = YES_AGGRESSIVE;
				GCC_WARN_UNUSED_FUNCTION = YES;
				GCC_WARN_UNUSED_VARIABLE = YES;
				IPHONEOS_DEPLOYMENT_TARGET = 9.3;
				MTL_ENABLE_DEBUG_INFO = YES;
				ONLY_ACTIVE_ARCH = YES;
				SDKROOT = iphoneos;
				TARGETED_DEVICE_FAMILY = "1,2";
			};
			name = Debug;
		};
		3A8C3D841D13987A00DBCE0B /* Release */ = {
			isa = XCBuildConfiguration;
			buildSettings = {
				ALWAYS_SEARCH_USER_PATHS = NO;
				CLANG_ANALYZER_NONNULL = YES;
				CLANG_CXX_LANGUAGE_STANDARD = "gnu++0x";
				CLANG_CXX_LIBRARY = "libc++";
				CLANG_ENABLE_MODULES = YES;
				CLANG_ENABLE_OBJC_ARC = YES;
				CLANG_WARN_BOOL_CONVERSION = YES;
				CLANG_WARN_CONSTANT_CONVERSION = YES;
				CLANG_WARN_DIRECT_OBJC_ISA_USAGE = YES_ERROR;
				CLANG_WARN_EMPTY_BODY = YES;
				CLANG_WARN_ENUM_CONVERSION = YES;
				CLANG_WARN_INT_CONVERSION = YES;
				CLANG_WARN_OBJC_ROOT_CLASS = YES_ERROR;
				CLANG_WARN_UNREACHABLE_CODE = YES;
				CLANG_WARN__DUPLICATE_METHOD_MATCH = YES;
				"CODE_SIGN_IDENTITY[sdk=iphoneos*]" = "iPhone Developer";
				COPY_PHASE_STRIP = NO;
				DEBUG_INFORMATION_FORMAT = "dwarf-with-dsym";
				ENABLE_NS_ASSERTIONS = NO;
				ENABLE_STRICT_OBJC_MSGSEND = YES;
				GCC_C_LANGUAGE_STANDARD = gnu99;
				GCC_NO_COMMON_BLOCKS = YES;
				GCC_WARN_64_TO_32_BIT_CONVERSION = YES;
				GCC_WARN_ABOUT_RETURN_TYPE = YES_ERROR;
				GCC_WARN_UNDECLARED_SELECTOR = YES;
				GCC_WARN_UNINITIALIZED_AUTOS = YES_AGGRESSIVE;
				GCC_WARN_UNUSED_FUNCTION = YES;
				GCC_WARN_UNUSED_VARIABLE = YES;
				IPHONEOS_DEPLOYMENT_TARGET = 9.3;
				MTL_ENABLE_DEBUG_INFO = NO;
				SDKROOT = iphoneos;
				TARGETED_DEVICE_FAMILY = "1,2";
				VALIDATE_PRODUCT = YES;
			};
			name = Release;
		};
		3A8C3D861D13987A00DBCE0B /* Debug */ = {
			isa = XCBuildConfiguration;
			buildSettings = {
				ASSETCATALOG_COMPILER_APPICON_NAME = AppIcon;
				INFOPLIST_FILE = Bunks/Info.plist;
				LD_RUNPATH_SEARCH_PATHS = "$(inherited) @executable_path/Frameworks";
				PRODUCT_BUNDLE_IDENTIFIER = com.beautifulvp.Bunks;
				PRODUCT_NAME = "$(TARGET_NAME)";
			};
			name = Debug;
		};
		3A8C3D871D13987A00DBCE0B /* Release */ = {
			isa = XCBuildConfiguration;
			buildSettings = {
				ASSETCATALOG_COMPILER_APPICON_NAME = AppIcon;
				INFOPLIST_FILE = Bunks/Info.plist;
				LD_RUNPATH_SEARCH_PATHS = "$(inherited) @executable_path/Frameworks";
				PRODUCT_BUNDLE_IDENTIFIER = com.beautifulvp.Bunks;
				PRODUCT_NAME = "$(TARGET_NAME)";
			};
			name = Release;
		};
		3A8C3D891D13987A00DBCE0B /* Debug */ = {
			isa = XCBuildConfiguration;
			buildSettings = {
				BUNDLE_LOADER = "$(TEST_HOST)";
				INFOPLIST_FILE = BunksTests/Info.plist;
				LD_RUNPATH_SEARCH_PATHS = "$(inherited) @executable_path/Frameworks @loader_path/Frameworks";
				PRODUCT_BUNDLE_IDENTIFIER = com.beautifulvp.BunksTests;
				PRODUCT_NAME = "$(TARGET_NAME)";
				TEST_HOST = "$(BUILT_PRODUCTS_DIR)/Bunks.app/Bunks";
			};
			name = Debug;
		};
		3A8C3D8A1D13987A00DBCE0B /* Release */ = {
			isa = XCBuildConfiguration;
			buildSettings = {
				BUNDLE_LOADER = "$(TEST_HOST)";
				INFOPLIST_FILE = BunksTests/Info.plist;
				LD_RUNPATH_SEARCH_PATHS = "$(inherited) @executable_path/Frameworks @loader_path/Frameworks";
				PRODUCT_BUNDLE_IDENTIFIER = com.beautifulvp.BunksTests;
				PRODUCT_NAME = "$(TARGET_NAME)";
				TEST_HOST = "$(BUILT_PRODUCTS_DIR)/Bunks.app/Bunks";
			};
			name = Release;
		};
		3A8C3D8C1D13987A00DBCE0B /* Debug */ = {
			isa = XCBuildConfiguration;
			buildSettings = {
				INFOPLIST_FILE = BunksUITests/Info.plist;
				LD_RUNPATH_SEARCH_PATHS = "$(inherited) @executable_path/Frameworks @loader_path/Frameworks";
				PRODUCT_BUNDLE_IDENTIFIER = com.beautifulvp.BunksUITests;
				PRODUCT_NAME = "$(TARGET_NAME)";
				TEST_TARGET_NAME = Bunks;
			};
			name = Debug;
		};
		3A8C3D8D1D13987A00DBCE0B /* Release */ = {
			isa = XCBuildConfiguration;
			buildSettings = {
				INFOPLIST_FILE = BunksUITests/Info.plist;
				LD_RUNPATH_SEARCH_PATHS = "$(inherited) @executable_path/Frameworks @loader_path/Frameworks";
				PRODUCT_BUNDLE_IDENTIFIER = com.beautifulvp.BunksUITests;
				PRODUCT_NAME = "$(TARGET_NAME)";
				TEST_TARGET_NAME = Bunks;
			};
			name = Release;
		};
/* End XCBuildConfiguration section */

/* Begin XCConfigurationList section */
		3A8C3D531D13987900DBCE0B /* Build configuration list for PBXProject "Bunks" */ = {
			isa = XCConfigurationList;
			buildConfigurations = (
				3A8C3D831D13987A00DBCE0B /* Debug */,
				3A8C3D841D13987A00DBCE0B /* Release */,
			);
			defaultConfigurationIsVisible = 0;
			defaultConfigurationName = Release;
		};
		3A8C3D851D13987A00DBCE0B /* Build configuration list for PBXNativeTarget "Bunks" */ = {
			isa = XCConfigurationList;
			buildConfigurations = (
				3A8C3D861D13987A00DBCE0B /* Debug */,
				3A8C3D871D13987A00DBCE0B /* Release */,
			);
			defaultConfigurationIsVisible = 0;
		};
		3A8C3D881D13987A00DBCE0B /* Build configuration list for PBXNativeTarget "BunksTests" */ = {
			isa = XCConfigurationList;
			buildConfigurations = (
				3A8C3D891D13987A00DBCE0B /* Debug */,
				3A8C3D8A1D13987A00DBCE0B /* Release */,
			);
			defaultConfigurationIsVisible = 0;
		};
		3A8C3D8B1D13987A00DBCE0B /* Build configuration list for PBXNativeTarget "BunksUITests" */ = {
			isa = XCConfigurationList;
			buildConfigurations = (
				3A8C3D8C1D13987A00DBCE0B /* Debug */,
				3A8C3D8D1D13987A00DBCE0B /* Release */,
			);
			defaultConfigurationIsVisible = 0;
		};
/* End XCConfigurationList section */
	};
	rootObject = 3A8C3D501D13987900DBCE0B /* Project object */;
}
